{
  "name": "nest_eggy",
  "requires": true,
  "lockfileVersion": 1,
  "dependencies": {

    "fusioncharts": {
      "version": "3.12.2",
      "resolved": "https://registry.npmjs.org/fusioncharts/-/fusioncharts-3.12.2.tgz",
      "integrity": "sha512-uCOkD1KN7NbZRS0xsA3BYhxYeOeKab2oWlAN9i60g2Hu+Hap7kphGlS9o6y6YJLHu7494/f4+/Hu5D0VSVmytg=="
    }
  }
}
